
Microsoft Visual Studio Solution File, Format Version 12.00
# Visual Studio 14
VisualStudioVersion = 14.0.24720.0
MinimumVisualStudioVersion = 10.0.40219.1
Project("{FAE04EC0-301F-11D3-BF4B-00C04F79EFBC}") = "JsonWebServices.Droid", "JsonWebServices\JsonWebServices.Droid\JsonWebServices.Droid.csproj", "{7CDC77E9-BD0B-4347-A5F2-2DA79521D552}"
EndProject
Project("{FAE04EC0-301F-11D3-BF4B-00C04F79EFBC}") = "JsonWebServices.iOS", "JsonWebServices\JsonWebServices.iOS\JsonWebServices.iOS.csproj", "{669527EC-151F-48FB-AB49-E9E3E9F26A09}"
EndProject
Project("{FAE04EC0-301F-11D3-BF4B-00C04F79EFBC}") = "JsonWebServices.WinPhone", "JsonWebServices\JsonWebServices.WinPhone\JsonWebServices.WinPhone.csproj", "{DE3DD221-91E1-4CCA-89C2-6BD74C3E25A6}"
EndProject
Project("{FAE04EC0-301F-11D3-BF4B-00C04F79EFBC}") = "JsonWebServices", "JsonWebServices\JsonWebServices\JsonWebServices.csproj", "{1234BFB9-12F9-42D7-9AB3-33DFB89FAC6C}"
EndProject
Global
	GlobalSection(SolutionConfigurationPlatforms) = preSolution
		Ad-Hoc|Any CPU = Ad-Hoc|Any CPU
		Ad-Hoc|ARM = Ad-Hoc|ARM
		Ad-Hoc|iPhone = Ad-Hoc|iPhone
		Ad-Hoc|iPhoneSimulator = Ad-Hoc|iPhoneSimulator
		Ad-Hoc|x86 = Ad-Hoc|x86
		AppStore|Any CPU = AppStore|Any CPU
		AppStore|ARM = AppStore|ARM
		AppStore|iPhone = AppStore|iPhone
		AppStore|iPhoneSimulator = AppStore|iPhoneSimulator
		AppStore|x86 = AppStore|x86
		Debug|Any CPU = Debug|Any CPU
		Debug|ARM = Debug|ARM
		Debug|iPhone = Debug|iPhone
		Debug|iPhoneSimulator = Debug|iPhoneSimulator
		Debug|x86 = Debug|x86
		Release|Any CPU = Release|Any CPU
		Release|ARM = Release|ARM
		Release|iPhone = Release|iPhone
		Release|iPhoneSimulator = Release|iPhoneSimulator
		Release|x86 = Release|x86
	EndGlobalSection
	GlobalSection(ProjectConfigurationPlatforms) = postSolution
		{7CDC77E9-BD0B-4347-A5F2-2DA79521D552}.Ad-Hoc|Any CPU.ActiveCfg = Release|Any CPU
		{7CDC77E9-BD0B-4347-A5F2-2DA79521D552}.Ad-Hoc|Any CPU.Build.0 = Release|Any CPU
		{7CDC77E9-BD0B-4347-A5F2-2DA79521D552}.Ad-Hoc|Any CPU.Deploy.0 = Release|Any CPU
		{7CDC77E9-BD0B-4347-A5F2-2DA79521D552}.Ad-Hoc|ARM.ActiveCfg = Release|Any CPU
		{7CDC77E9-BD0B-4347-A5F2-2DA79521D552}.Ad-Hoc|ARM.Build.0 = Release|Any CPU
		{7CDC77E9-BD0B-4347-A5F2-2DA79521D552}.Ad-Hoc|ARM.Deploy.0 = Release|Any CPU
		{7CDC77E9-BD0B-4347-A5F2-2DA79521D552}.Ad-Hoc|iPhone.ActiveCfg = Release|Any CPU
		{7CDC77E9-BD0B-4347-A5F2-2DA79521D552}.Ad-Hoc|iPhone.Build.0 = Release|Any CPU
		{7CDC77E9-BD0B-4347-A5F2-2DA79521D552}.Ad-Hoc|iPhone.Deploy.0 = Release|Any CPU
		{7CDC77E9-BD0B-4347-A5F2-2DA79521D552}.Ad-Hoc|iPhoneSimulator.ActiveCfg = Release|Any CPU
		{7CDC77E9-BD0B-4347-A5F2-2DA79521D552}.Ad-Hoc|iPhoneSimulator.Build.0 = Release|Any CPU
		{7CDC77E9-BD0B-4347-A5F2-2DA79521D552}.Ad-Hoc|iPhoneSimulator.Deploy.0 = Release|Any CPU
		{7CDC77E9-BD0B-4347-A5F2-2DA79521D552}.Ad-Hoc|x86.ActiveCfg = Release|Any CPU
		{7CDC77E9-BD0B-4347-A5F2-2DA79521D552}.Ad-Hoc|x86.Build.0 = Release|Any CPU
		{7CDC77E9-BD0B-4347-A5F2-2DA79521D552}.Ad-Hoc|x86.Deploy.0 = Release|Any CPU
		{7CDC77E9-BD0B-4347-A5F2-2DA79521D552}.AppStore|Any CPU.ActiveCfg = Release|Any CPU
		{7CDC77E9-BD0B-4347-A5F2-2DA79521D552}.AppStore|Any CPU.Build.0 = Release|Any CPU
		{7CDC77E9-BD0B-4347-A5F2-2DA79521D552}.AppStore|Any CPU.Deploy.0 = Release|Any CPU
		{7CDC77E9-BD0B-4347-A5F2-2DA79521D552}.AppStore|ARM.ActiveCfg = Release|Any CPU
		{7CDC77E9-BD0B-4347-A5F2-2DA79521D552}.AppStore|ARM.Build.0 = Release|Any CPU
		{7CDC77E9-BD0B-4347-A5F2-2DA79521D552}.AppStore|ARM.Deploy.0 = Release|Any CPU
		{7CDC77E9-BD0B-4347-A5F2-2DA79521D552}.AppStore|iPhone.ActiveCfg = Release|Any CPU
		{7CDC77E9-BD0B-4347-A5F2-2DA79521D552}.AppStore|iPhone.Build.0 = Release|Any CPU
		{7CDC77E9-BD0B-4347-A5F2-2DA79521D552}.AppStore|iPhone.Deploy.0 = Release|Any CPU
		{7CDC77E9-BD0B-4347-A5F2-2DA79521D552}.AppStore|iPhoneSimulator.ActiveCfg = Release|Any CPU
		{7CDC77E9-BD0B-4347-A5F2-2DA79521D552}.AppStore|iPhoneSimulator.Build.0 = Release|Any CPU
		{7CDC77E9-BD0B-4347-A5F2-2DA79521D552}.AppStore|iPhoneSimulator.Deploy.0 = Release|Any CPU
		{7CDC77E9-BD0B-4347-A5F2-2DA79521D552}.AppStore|x86.ActiveCfg = Release|Any CPU
		{7CDC77E9-BD0B-4347-A5F2-2DA79521D552}.AppStore|x86.Build.0 = Release|Any CPU
		{7CDC77E9-BD0B-4347-A5F2-2DA79521D552}.AppStore|x86.Deploy.0 = Release|Any CPU
		{7CDC77E9-BD0B-4347-A5F2-2DA79521D552}.Debug|Any CPU.ActiveCfg = Debug|Any CPU
		{7CDC77E9-BD0B-4347-A5F2-2DA79521D552}.Debug|Any CPU.Build.0 = Debug|Any CPU
		{7CDC77E9-BD0B-4347-A5F2-2DA79521D552}.Debug|Any CPU.Deploy.0 = Debug|Any CPU
		{7CDC77E9-BD0B-4347-A5F2-2DA79521D552}.Debug|ARM.ActiveCfg = Debug|Any CPU
		{7CDC77E9-BD0B-4347-A5F2-2DA79521D552}.Debug|ARM.Build.0 = Debug|Any CPU
		{7CDC77E9-BD0B-4347-A5F2-2DA79521D552}.Debug|ARM.Deploy.0 = Debug|Any CPU
		{7CDC77E9-BD0B-4347-A5F2-2DA79521D552}.Debug|iPhone.ActiveCfg = Debug|Any CPU
		{7CDC77E9-BD0B-4347-A5F2-2DA79521D552}.Debug|iPhone.Build.0 = Debug|Any CPU
		{7CDC77E9-BD0B-4347-A5F2-2DA79521D552}.Debug|iPhone.Deploy.0 = Debug|Any CPU
		{7CDC77E9-BD0B-4347-A5F2-2DA79521D552}.Debug|iPhoneSimulator.ActiveCfg = Debug|Any CPU
		{7CDC77E9-BD0B-4347-A5F2-2DA79521D552}.Debug|iPhoneSimulator.Build.0 = Debug|Any CPU
		{7CDC77E9-BD0B-4347-A5F2-2DA79521D552}.Debug|iPhoneSimulator.Deploy.0 = Debug|Any CPU
		{7CDC77E9-BD0B-4347-A5F2-2DA79521D552}.Debug|x86.ActiveCfg = Debug|Any CPU
		{7CDC77E9-BD0B-4347-A5F2-2DA79521D552}.Debug|x86.Build.0 = Debug|Any CPU
		{7CDC77E9-BD0B-4347-A5F2-2DA79521D552}.Debug|x86.Deploy.0 = Debug|Any CPU
		{7CDC77E9-BD0B-4347-A5F2-2DA79521D552}.Release|Any CPU.ActiveCfg = Release|Any CPU
		{7CDC77E9-BD0B-4347-A5F2-2DA79521D552}.Release|Any CPU.Build.0 = Release|Any CPU
		{7CDC77E9-BD0B-4347-A5F2-2DA79521D552}.Release|Any CPU.Deploy.0 = Release|Any CPU
		{7CDC77E9-BD0B-4347-A5F2-2DA79521D552}.Release|ARM.ActiveCfg = Release|Any CPU
		{7CDC77E9-BD0B-4347-A5F2-2DA79521D552}.Release|ARM.Build.0 = Release|Any CPU
		{7CDC77E9-BD0B-4347-A5F2-2DA79521D552}.Release|ARM.Deploy.0 = Release|Any CPU
		{7CDC77E9-BD0B-4347-A5F2-2DA79521D552}.Release|iPhone.ActiveCfg = Release|Any CPU
		{7CDC77E9-BD0B-4347-A5F2-2DA79521D552}.Release|iPhone.Build.0 = Release|Any CPU
		{7CDC77E9-BD0B-4347-A5F2-2DA79521D552}.Release|iPhone.Deploy.0 = Release|Any CPU
		{7CDC77E9-BD0B-4347-A5F2-2DA79521D552}.Release|iPhoneSimulator.ActiveCfg = Release|Any CPU
		{7CDC77E9-BD0B-4347-A5F2-2DA79521D552}.Release|iPhoneSimulator.Build.0 = Release|Any CPU
		{7CDC77E9-BD0B-4347-A5F2-2DA79521D552}.Release|iPhoneSimulator.Deploy.0 = Release|Any CPU
		{7CDC77E9-BD0B-4347-A5F2-2DA79521D552}.Release|x86.ActiveCfg = Release|Any CPU
		{7CDC77E9-BD0B-4347-A5F2-2DA79521D552}.Release|x86.Build.0 = Release|Any CPU
		{7CDC77E9-BD0B-4347-A5F2-2DA79521D552}.Release|x86.Deploy.0 = Release|Any CPU
		{669527EC-151F-48FB-AB49-E9E3E9F26A09}.Ad-Hoc|Any CPU.ActiveCfg = Ad-Hoc|iPhone
		{669527EC-151F-48FB-AB49-E9E3E9F26A09}.Ad-Hoc|ARM.ActiveCfg = Ad-Hoc|iPhone
		{669527EC-151F-48FB-AB49-E9E3E9F26A09}.Ad-Hoc|iPhone.ActiveCfg = Ad-Hoc|iPhone
		{669527EC-151F-48FB-AB49-E9E3E9F26A09}.Ad-Hoc|iPhone.Build.0 = Ad-Hoc|iPhone
		{669527EC-151F-48FB-AB49-E9E3E9F26A09}.Ad-Hoc|iPhoneSimulator.ActiveCfg = Ad-Hoc|iPhoneSimulator
		{669527EC-151F-48FB-AB49-E9E3E9F26A09}.Ad-Hoc|iPhoneSimulator.Build.0 = Ad-Hoc|iPhoneSimulator
		{669527EC-151F-48FB-AB49-E9E3E9F26A09}.Ad-Hoc|x86.ActiveCfg = Ad-Hoc|iPhone
		{669527EC-151F-48FB-AB49-E9E3E9F26A09}.AppStore|Any CPU.ActiveCfg = AppStore|iPhone
		{669527EC-151F-48FB-AB49-E9E3E9F26A09}.AppStore|ARM.ActiveCfg = AppStore|iPhone
		{669527EC-151F-48FB-AB49-E9E3E9F26A09}.AppStore|iPhone.ActiveCfg = AppStore|iPhone
		{669527EC-151F-48FB-AB49-E9E3E9F26A09}.AppStore|iPhone.Build.0 = AppStore|iPhone
		{669527EC-151F-48FB-AB49-E9E3E9F26A09}.AppStore|iPhoneSimulator.ActiveCfg = AppStore|iPhoneSimulator
		{669527EC-151F-48FB-AB49-E9E3E9F26A09}.AppStore|iPhoneSimulator.Build.0 = AppStore|iPhoneSimulator
		{669527EC-151F-48FB-AB49-E9E3E9F26A09}.AppStore|x86.ActiveCfg = AppStore|iPhone
		{669527EC-151F-48FB-AB49-E9E3E9F26A09}.Debug|Any CPU.ActiveCfg = Debug|iPhone
		{669527EC-151F-48FB-AB49-E9E3E9F26A09}.Debug|ARM.ActiveCfg = Debug|iPhone
		{669527EC-151F-48FB-AB49-E9E3E9F26A09}.Debug|iPhone.ActiveCfg = Debug|iPhone
		{669527EC-151F-48FB-AB49-E9E3E9F26A09}.Debug|iPhone.Build.0 = Debug|iPhone
		{669527EC-151F-48FB-AB49-E9E3E9F26A09}.Debug|iPhoneSimulator.ActiveCfg = Debug|iPhoneSimulator
		{669527EC-151F-48FB-AB49-E9E3E9F26A09}.Debug|iPhoneSimulator.Build.0 = Debug|iPhoneSimulator
		{669527EC-151F-48FB-AB49-E9E3E9F26A09}.Debug|x86.ActiveCfg = Debug|iPhone
		{669527EC-151F-48FB-AB49-E9E3E9F26A09}.Release|Any CPU.ActiveCfg = Release|iPhone
		{669527EC-151F-48FB-AB49-E9E3E9F26A09}.Release|ARM.ActiveCfg = Release|iPhone
		{669527EC-151F-48FB-AB49-E9E3E9F26A09}.Release|iPhone.ActiveCfg = Release|iPhone
		{669527EC-151F-48FB-AB49-E9E3E9F26A09}.Release|iPhone.Build.0 = Release|iPhone
		{669527EC-151F-48FB-AB49-E9E3E9F26A09}.Release|iPhoneSimulator.ActiveCfg = Release|iPhoneSimulator
		{669527EC-151F-48FB-AB49-E9E3E9F26A09}.Release|iPhoneSimulator.Build.0 = Release|iPhoneSimulator
		{669527EC-151F-48FB-AB49-E9E3E9F26A09}.Release|x86.ActiveCfg = Release|iPhone
		{DE3DD221-91E1-4CCA-89C2-6BD74C3E25A6}.Ad-Hoc|Any CPU.ActiveCfg = Release|Any CPU
		{DE3DD221-91E1-4CCA-89C2-6BD74C3E25A6}.Ad-Hoc|Any CPU.Build.0 = Release|Any CPU
		{DE3DD221-91E1-4CCA-89C2-6BD74C3E25A6}.Ad-Hoc|Any CPU.Deploy.0 = Release|Any CPU
		{DE3DD221-91E1-4CCA-89C2-6BD74C3E25A6}.Ad-Hoc|ARM.ActiveCfg = Release|ARM
		{DE3DD221-91E1-4CCA-89C2-6BD74C3E25A6}.Ad-Hoc|ARM.Build.0 = Release|ARM
		{DE3DD221-91E1-4CCA-89C2-6BD74C3E25A6}.Ad-Hoc|ARM.Deploy.0 = Release|ARM
		{DE3DD221-91E1-4CCA-89C2-6BD74C3E25A6}.Ad-Hoc|iPhone.ActiveCfg = Release|Any CPU
		{DE3DD221-91E1-4CCA-89C2-6BD74C3E25A6}.Ad-Hoc|iPhone.Build.0 = Release|Any CPU
		{DE3DD221-91E1-4CCA-89C2-6BD74C3E25A6}.Ad-Hoc|iPhone.Deploy.0 = Release|Any CPU
		{DE3DD221-91E1-4CCA-89C2-6BD74C3E25A6}.Ad-Hoc|iPhoneSimulator.ActiveCfg = Release|Any CPU
		{DE3DD221-91E1-4CCA-89C2-6BD74C3E25A6}.Ad-Hoc|iPhoneSimulator.Build.0 = Release|Any CPU
		{DE3DD221-91E1-4CCA-89C2-6BD74C3E25A6}.Ad-Hoc|iPhoneSimulator.Deploy.0 = Release|Any CPU
		{DE3DD221-91E1-4CCA-89C2-6BD74C3E25A6}.Ad-Hoc|x86.ActiveCfg = Release|x86
		{DE3DD221-91E1-4CCA-89C2-6BD74C3E25A6}.Ad-Hoc|x86.Build.0 = Release|x86
		{DE3DD221-91E1-4CCA-89C2-6BD74C3E25A6}.Ad-Hoc|x86.Deploy.0 = Release|x86
		{DE3DD221-91E1-4CCA-89C2-6BD74C3E25A6}.AppStore|Any CPU.ActiveCfg = Release|Any CPU
		{DE3DD221-91E1-4CCA-89C2-6BD74C3E25A6}.AppStore|Any CPU.Build.0 = Release|Any CPU
		{DE3DD221-91E1-4CCA-89C2-6BD74C3E25A6}.AppStore|Any CPU.Deploy.0 = Release|Any CPU
		{DE3DD221-91E1-4CCA-89C2-6BD74C3E25A6}.AppStore|ARM.ActiveCfg = Release|ARM
		{DE3DD221-91E1-4CCA-89C2-6BD74C3E25A6}.AppStore|ARM.Build.0 = Release|ARM
		{DE3DD221-91E1-4CCA-89C2-6BD74C3E25A6}.AppStore|ARM.Deploy.0 = Release|ARM
		{DE3DD221-91E1-4CCA-89C2-6BD74C3E25A6}.AppStore|iPhone.ActiveCfg = Release|Any CPU
		{DE3DD221-91E1-4CCA-89C2-6BD74C3E25A6}.AppStore|iPhone.Build.0 = Release|Any CPU
		{DE3DD221-91E1-4CCA-89C2-6BD74C3E25A6}.AppStore|iPhone.Deploy.0 = Release|Any CPU
		{DE3DD221-91E1-4CCA-89C2-6BD74C3E25A6}.AppStore|iPhoneSimulator.ActiveCfg = Release|Any CPU
		{DE3DD221-91E1-4CCA-89C2-6BD74C3E25A6}.AppStore|iPhoneSimulator.Build.0 = Release|Any CPU
		{DE3DD221-91E1-4CCA-89C2-6BD74C3E25A6}.AppStore|iPhoneSimulator.Deploy.0 = Release|Any CPU
		{DE3DD221-91E1-4CCA-89C2-6BD74C3E25A6}.AppStore|x86.ActiveCfg = Release|x86
		{DE3DD221-91E1-4CCA-89C2-6BD74C3E25A6}.AppStore|x86.Build.0 = Release|x86
		{DE3DD221-91E1-4CCA-89C2-6BD74C3E25A6}.AppStore|x86.Deploy.0 = Release|x86
		{DE3DD221-91E1-4CCA-89C2-6BD74C3E25A6}.Debug|Any CPU.ActiveCfg = Debug|Any CPU
		{DE3DD221-91E1-4CCA-89C2-6BD74C3E25A6}.Debug|Any CPU.Build.0 = Debug|Any CPU
		{DE3DD221-91E1-4CCA-89C2-6BD74C3E25A6}.Debug|Any CPU.Deploy.0 = Debug|Any CPU
		{DE3DD221-91E1-4CCA-89C2-6BD74C3E25A6}.Debug|ARM.ActiveCfg = Debug|ARM
		{DE3DD221-91E1-4CCA-89C2-6BD74C3E25A6}.Debug|ARM.Build.0 = Debug|ARM
		{DE3DD221-91E1-4CCA-89C2-6BD74C3E25A6}.Debug|ARM.Deploy.0 = Debug|ARM
		{DE3DD221-91E1-4CCA-89C2-6BD74C3E25A6}.Debug|iPhone.ActiveCfg = Debug|Any CPU
		{DE3DD221-91E1-4CCA-89C2-6BD74C3E25A6}.Debug|iPhone.Build.0 = Debug|Any CPU
		{DE3DD221-91E1-4CCA-89C2-6BD74C3E25A6}.Debug|iPhone.Deploy.0 = Debug|Any CPU
		{DE3DD221-91E1-4CCA-89C2-6BD74C3E25A6}.Debug|iPhoneSimulator.ActiveCfg = Debug|Any CPU
		{DE3DD221-91E1-4CCA-89C2-6BD74C3E25A6}.Debug|iPhoneSimulator.Build.0 = Debug|Any CPU
		{DE3DD221-91E1-4CCA-89C2-6BD74C3E25A6}.Debug|iPhoneSimulator.Deploy.0 = Debug|Any CPU
		{DE3DD221-91E1-4CCA-89C2-6BD74C3E25A6}.Debug|x86.ActiveCfg = Debug|x86
		{DE3DD221-91E1-4CCA-89C2-6BD74C3E25A6}.Debug|x86.Build.0 = Debug|x86
		{DE3DD221-91E1-4CCA-89C2-6BD74C3E25A6}.Debug|x86.Deploy.0 = Debug|x86
		{DE3DD221-91E1-4CCA-89C2-6BD74C3E25A6}.Release|Any CPU.ActiveCfg = Release|Any CPU
		{DE3DD221-91E1-4CCA-89C2-6BD74C3E25A6}.Release|Any CPU.Build.0 = Release|Any CPU
		{DE3DD221-91E1-4CCA-89C2-6BD74C3E25A6}.Release|Any CPU.Deploy.0 = Release|Any CPU
		{DE3DD221-91E1-4CCA-89C2-6BD74C3E25A6}.Release|ARM.ActiveCfg = Release|ARM
		{DE3DD221-91E1-4CCA-89C2-6BD74C3E25A6}.Release|ARM.Build.0 = Release|ARM
		{DE3DD221-91E1-4CCA-89C2-6BD74C3E25A6}.Release|ARM.Deploy.0 = Release|ARM
		{DE3DD221-91E1-4CCA-89C2-6BD74C3E25A6}.Release|iPhone.ActiveCfg = Release|Any CPU
		{DE3DD221-91E1-4CCA-89C2-6BD74C3E25A6}.Release|iPhone.Build.0 = Release|Any CPU
		{DE3DD221-91E1-4CCA-89C2-6BD74C3E25A6}.Release|iPhone.Deploy.0 = Release|Any CPU
		{DE3DD221-91E1-4CCA-89C2-6BD74C3E25A6}.Release|iPhoneSimulator.ActiveCfg = Release|Any CPU
		{DE3DD221-91E1-4CCA-89C2-6BD74C3E25A6}.Release|iPhoneSimulator.Build.0 = Release|Any CPU
		{DE3DD221-91E1-4CCA-89C2-6BD74C3E25A6}.Release|iPhoneSimulator.Deploy.0 = Release|Any CPU
		{DE3DD221-91E1-4CCA-89C2-6BD74C3E25A6}.Release|x86.ActiveCfg = Release|x86
		{DE3DD221-91E1-4CCA-89C2-6BD74C3E25A6}.Release|x86.Build.0 = Release|x86
		{DE3DD221-91E1-4CCA-89C2-6BD74C3E25A6}.Release|x86.Deploy.0 = Release|x86
		{1234BFB9-12F9-42D7-9AB3-33DFB89FAC6C}.Ad-Hoc|Any CPU.ActiveCfg = Release|Any CPU
		{1234BFB9-12F9-42D7-9AB3-33DFB89FAC6C}.Ad-Hoc|Any CPU.Build.0 = Release|Any CPU
		{1234BFB9-12F9-42D7-9AB3-33DFB89FAC6C}.Ad-Hoc|ARM.ActiveCfg = Release|Any CPU
		{1234BFB9-12F9-42D7-9AB3-33DFB89FAC6C}.Ad-Hoc|ARM.Build.0 = Release|Any CPU
		{1234BFB9-12F9-42D7-9AB3-33DFB89FAC6C}.Ad-Hoc|iPhone.ActiveCfg = Release|Any CPU
		{1234BFB9-12F9-42D7-9AB3-33DFB89FAC6C}.Ad-Hoc|iPhone.Build.0 = Release|Any CPU
		{1234BFB9-12F9-42D7-9AB3-33DFB89FAC6C}.Ad-Hoc|iPhoneSimulator.ActiveCfg = Release|Any CPU
		{1234BFB9-12F9-42D7-9AB3-33DFB89FAC6C}.Ad-Hoc|iPhoneSimulator.Build.0 = Release|Any CPU
		{1234BFB9-12F9-42D7-9AB3-33DFB89FAC6C}.Ad-Hoc|x86.ActiveCfg = Release|Any CPU
		{1234BFB9-12F9-42D7-9AB3-33DFB89FAC6C}.Ad-Hoc|x86.Build.0 = Release|Any CPU
		{1234BFB9-12F9-42D7-9AB3-33DFB89FAC6C}.AppStore|Any CPU.ActiveCfg = Release|Any CPU
		{1234BFB9-12F9-42D7-9AB3-33DFB89FAC6C}.AppStore|Any CPU.Build.0 = Release|Any CPU
		{1234BFB9-12F9-42D7-9AB3-33DFB89FAC6C}.AppStore|ARM.ActiveCfg = Release|Any CPU
		{1234BFB9-12F9-42D7-9AB3-33DFB89FAC6C}.AppStore|ARM.Build.0 = Release|Any CPU
		{1234BFB9-12F9-42D7-9AB3-33DFB89FAC6C}.AppStore|iPhone.ActiveCfg = Release|Any CPU
		{1234BFB9-12F9-42D7-9AB3-33DFB89FAC6C}.AppStore|iPhone.Build.0 = Release|Any CPU
		{1234BFB9-12F9-42D7-9AB3-33DFB89FAC6C}.AppStore|iPhoneSimulator.ActiveCfg = Release|Any CPU
		{1234BFB9-12F9-42D7-9AB3-33DFB89FAC6C}.AppStore|iPhoneSimulator.Build.0 = Release|Any CPU
		{1234BFB9-12F9-42D7-9AB3-33DFB89FAC6C}.AppStore|x86.ActiveCfg = Release|Any CPU
		{1234BFB9-12F9-42D7-9AB3-33DFB89FAC6C}.AppStore|x86.Build.0 = Release|Any CPU
		{1234BFB9-12F9-42D7-9AB3-33DFB89FAC6C}.Debug|Any CPU.ActiveCfg = Debug|Any CPU
		{1234BFB9-12F9-42D7-9AB3-33DFB89FAC6C}.Debug|Any CPU.Build.0 = Debug|Any CPU
		{1234BFB9-12F9-42D7-9AB3-33DFB89FAC6C}.Debug|ARM.ActiveCfg = Debug|Any CPU
		{1234BFB9-12F9-42D7-9AB3-33DFB89FAC6C}.Debug|ARM.Build.0 = Debug|Any CPU
		{1234BFB9-12F9-42D7-9AB3-33DFB89FAC6C}.Debug|iPhone.ActiveCfg = Debug|Any CPU
		{1234BFB9-12F9-42D7-9AB3-33DFB89FAC6C}.Debug|iPhone.Build.0 = Debug|Any CPU
		{1234BFB9-12F9-42D7-9AB3-33DFB89FAC6C}.Debug|iPhoneSimulator.ActiveCfg = Debug|Any CPU
		{1234BFB9-12F9-42D7-9AB3-33DFB89FAC6C}.Debug|iPhoneSimulator.Build.0 = Debug|Any CPU
		{1234BFB9-12F9-42D7-9AB3-33DFB89FAC6C}.Debug|x86.ActiveCfg = Debug|Any CPU
		{1234BFB9-12F9-42D7-9AB3-33DFB89FAC6C}.Debug|x86.Build.0 = Debug|Any CPU
		{1234BFB9-12F9-42D7-9AB3-33DFB89FAC6C}.Release|Any CPU.ActiveCfg = Release|Any CPU
		{1234BFB9-12F9-42D7-9AB3-33DFB89FAC6C}.Release|Any CPU.Build.0 = Release|Any CPU
		{1234BFB9-12F9-42D7-9AB3-33DFB89FAC6C}.Release|ARM.ActiveCfg = Release|Any CPU
		{1234BFB9-12F9-42D7-9AB3-33DFB89FAC6C}.Release|ARM.Build.0 = Release|Any CPU
		{1234BFB9-12F9-42D7-9AB3-33DFB89FAC6C}.Release|iPhone.ActiveCfg = Release|Any CPU
		{1234BFB9-12F9-42D7-9AB3-33DFB89FAC6C}.Release|iPhone.Build.0 = Release|Any CPU
		{1234BFB9-12F9-42D7-9AB3-33DFB89FAC6C}.Release|iPhoneSimulator.ActiveCfg = Release|Any CPU
		{1234BFB9-12F9-42D7-9AB3-33DFB89FAC6C}.Release|iPhoneSimulator.Build.0 = Release|Any CPU
		{1234BFB9-12F9-42D7-9AB3-33DFB89FAC6C}.Release|x86.ActiveCfg = Release|Any CPU
		{1234BFB9-12F9-42D7-9AB3-33DFB89FAC6C}.Release|x86.Build.0 = Release|Any CPU
	EndGlobalSection
	GlobalSection(SolutionProperties) = preSolution
		HideSolutionNode = FALSE
	EndGlobalSection
EndGlobal
